{
  "requires": true,
  "lockfileVersion": 1,
  "dependencies": {
    "sebastianurban-frame-print": {
      "version": "1.0.0",
      "resolved": "https://registry.npmjs.org/sebastianurban-frame-print/-/sebastianurban-frame-print-1.0.0.tgz",
      "integrity": "sha512-wI9xSi8DdGP6TLnmGvjNFHXszQdZ331vlZ54oIfZK0x7j/Ar7q++g/k0T1eeXnZmto37Ub4ai7pYN/mXXL/3Kw=="
    }
  }
}
